
Microsoft Visual Studio Solution File, Format Version 12.00
Project("{FAE04EC0-301F-11D3-BF4B-00C04F79EFBC}") = "FluxApi.SDK", "FluxApi.SDK.csproj", "{0AC0361A-69E0-4CFB-8646-AF7AAEBF721A}"
EndProject
Global
	GlobalSection(SolutionConfigurationPlatforms) = preSolution
		Debug|Any CPU = Debug|Any CPU
		Release|Any CPU = Release|Any CPU
	EndGlobalSection
	GlobalSection(ProjectConfigurationPlatforms) = postSolution
		{0AC0361A-69E0-4CFB-8646-AF7AAEBF721A}.Debug|Any CPU.ActiveCfg = Debug|Any CPU
		{0AC0361A-69E0-4CFB-8646-AF7AAEBF721A}.Debug|Any CPU.Build.0 = Debug|Any CPU
		{0AC0361A-69E0-4CFB-8646-AF7AAEBF721A}.Release|Any CPU.ActiveCfg = Release|Any CPU
		{0AC0361A-69E0-4CFB-8646-AF7AAEBF721A}.Release|Any CPU.Build.0 = Release|Any CPU
	EndGlobalSection
EndGlobal
